
Microsoft Visual Studio Solution File, Format Version 12.00
# Visual Studio Version 16
VisualStudioVersion = 16.0.31025.194
MinimumVisualStudioVersion = 10.0.40219.1
Project("{FAE04EC0-301F-11D3-BF4B-00C04F79EFBC}") = "Exercicio12-pilha", "Exercicio12-pilha.csproj", "{2419AE44-FC9C-40CE-B815-0D0965251878}"
EndProject
Global
	GlobalSection(SolutionConfigurationPlatforms) = preSolution
		Debug|Any CPU = Debug|Any CPU
		Release|Any CPU = Release|Any CPU
	EndGlobalSection
	GlobalSection(ProjectConfigurationPlatforms) = postSolution
		{2419AE44-FC9C-40CE-B815-0D0965251878}.Debug|Any CPU.ActiveCfg = Debug|Any CPU
		{2419AE44-FC9C-40CE-B815-0D0965251878}.Debug|Any CPU.Build.0 = Debug|Any CPU
		{2419AE44-FC9C-40CE-B815-0D0965251878}.Release|Any CPU.ActiveCfg = Release|Any CPU
		{2419AE44-FC9C-40CE-B815-0D0965251878}.Release|Any CPU.Build.0 = Release|Any CPU
	EndGlobalSection
	GlobalSection(SolutionProperties) = preSolution
		HideSolutionNode = FALSE
	EndGlobalSection
	GlobalSection(ExtensibilityGlobals) = postSolution
		SolutionGuid = {C3ACCDF7-D6AB-4CAE-8A3F-583637C49F18}
	EndGlobalSection
EndGlobal
