
Microsoft Visual Studio Solution File, Format Version 12.00
# Visual Studio Version 16
VisualStudioVersion = 16.0.31005.135
MinimumVisualStudioVersion = 10.0.40219.1
Project("{FAE04EC0-301F-11D3-BF4B-00C04F79EFBC}") = "Exercicio3-encapsulamento2", "Exercicio3-encapsulamento2.csproj", "{EA04F13E-D275-4496-B008-4048ECE84353}"
EndProject
Global
	GlobalSection(SolutionConfigurationPlatforms) = preSolution
		Debug|Any CPU = Debug|Any CPU
		Release|Any CPU = Release|Any CPU
	EndGlobalSection
	GlobalSection(ProjectConfigurationPlatforms) = postSolution
		{EA04F13E-D275-4496-B008-4048ECE84353}.Debug|Any CPU.ActiveCfg = Debug|Any CPU
		{EA04F13E-D275-4496-B008-4048ECE84353}.Debug|Any CPU.Build.0 = Debug|Any CPU
		{EA04F13E-D275-4496-B008-4048ECE84353}.Release|Any CPU.ActiveCfg = Release|Any CPU
		{EA04F13E-D275-4496-B008-4048ECE84353}.Release|Any CPU.Build.0 = Release|Any CPU
	EndGlobalSection
	GlobalSection(SolutionProperties) = preSolution
		HideSolutionNode = FALSE
	EndGlobalSection
	GlobalSection(ExtensibilityGlobals) = postSolution
		SolutionGuid = {B4301467-F206-488E-A1AB-D0E022544C97}
	EndGlobalSection
EndGlobal
