
Microsoft Visual Studio Solution File, Format Version 12.00
# Visual Studio Version 16
VisualStudioVersion = 16.0.31005.135
MinimumVisualStudioVersion = 10.0.40219.1
Project("{FAE04EC0-301F-11D3-BF4B-00C04F79EFBC}") = "Exercicio4-exercicios-propriedades", "Exercicio4-exercicios-propriedades.csproj", "{24111200-20FD-466B-B797-E2D66E9D610C}"
EndProject
Global
	GlobalSection(SolutionConfigurationPlatforms) = preSolution
		Debug|Any CPU = Debug|Any CPU
		Release|Any CPU = Release|Any CPU
	EndGlobalSection
	GlobalSection(ProjectConfigurationPlatforms) = postSolution
		{24111200-20FD-466B-B797-E2D66E9D610C}.Debug|Any CPU.ActiveCfg = Debug|Any CPU
		{24111200-20FD-466B-B797-E2D66E9D610C}.Debug|Any CPU.Build.0 = Debug|Any CPU
		{24111200-20FD-466B-B797-E2D66E9D610C}.Release|Any CPU.ActiveCfg = Release|Any CPU
		{24111200-20FD-466B-B797-E2D66E9D610C}.Release|Any CPU.Build.0 = Release|Any CPU
	EndGlobalSection
	GlobalSection(SolutionProperties) = preSolution
		HideSolutionNode = FALSE
	EndGlobalSection
	GlobalSection(ExtensibilityGlobals) = postSolution
		SolutionGuid = {73A62D2B-95C7-417B-B4B5-7182939D245A}
	EndGlobalSection
EndGlobal
